
Microsoft Visual Studio Solution File, Format Version 12.00
# Visual Studio 2013
VisualStudioVersion = 12.0.21005.1
MinimumVisualStudioVersion = 10.0.40219.1
Project("{FAE04EC0-301F-11D3-BF4B-00C04F79EFBC}") = "CarsMarketMonitoringSystem.Models", "CarsMarketMonitoringSystem.Models\CarsMarketMonitoringSystem.Models.csproj", "{DAA724BB-F937-430F-B1D4-66DAAF0A2B0A}"
EndProject
Project("{FAE04EC0-301F-11D3-BF4B-00C04F79EFBC}") = "CarsMarketMonitoringSystem.Data", "CarsMarketMonitoringSystem.Data\CarsMarketMonitoringSystem.Data.csproj", "{EF5C213C-4CA9-48E8-B2DA-029927970115}"
EndProject
Project("{FAE04EC0-301F-11D3-BF4B-00C04F79EFBC}") = "CarsMarketMonitoringSystem.ConsoleClient", "CarsMarketMonitoringSystem.ConsoleClient\CarsMarketMonitoringSystem.ConsoleClient.csproj", "{9570746C-36A2-4534-AFF5-1911D738C09F}"
EndProject
Project("{2150E333-8FDC-42A3-9474-1A3956D46DE8}") = ".nuget", ".nuget", "{26469F6E-7E19-4428-8EBA-6DB46FFE49D8}"
	ProjectSection(SolutionItems) = preProject
		.nuget\NuGet.Config = .nuget\NuGet.Config
		.nuget\NuGet.exe = .nuget\NuGet.exe
		.nuget\NuGet.targets = .nuget\NuGet.targets
	EndProjectSection
EndProject
Project("{FAE04EC0-301F-11D3-BF4B-00C04F79EFBC}") = "CarsMarketMonitoringSystem.Data.Tests", "CarsMarketMonitoringSystem.Data.Tests\CarsMarketMonitoringSystem.Data.Tests.csproj", "{7C71C780-5BA1-431A-B23D-4148C7A7BE16}"
EndProject
Project("{2150E333-8FDC-42A3-9474-1A3956D46DE8}") = "Tests", "Tests", "{E4E034EA-12FB-4099-9704-44EC27F9CCBD}"
EndProject
Project("{FAE04EC0-301F-11D3-BF4B-00C04F79EFBC}") = "MySQLConnector", "MySQLConnector\MySQLConnector.csproj", "{6F9C2621-695C-4BDE-881B-157DCAA75C07}"
EndProject
Project("{FAE04EC0-301F-11D3-BF4B-00C04F79EFBC}") = "CarsMarketMonitoringSystem.MySqlConnector", "CarsMarketMonitoringSystem.MySqlConnector\CarsMarketMonitoringSystem.MySqlConnector.csproj", "{D4E82B2A-2060-4A61-8EAF-805E9E6D79CF}"
EndProject
Global
	GlobalSection(SolutionConfigurationPlatforms) = preSolution
		Debug|Any CPU = Debug|Any CPU
		Release|Any CPU = Release|Any CPU
	EndGlobalSection
	GlobalSection(ProjectConfigurationPlatforms) = postSolution
		{DAA724BB-F937-430F-B1D4-66DAAF0A2B0A}.Debug|Any CPU.ActiveCfg = Debug|Any CPU
		{DAA724BB-F937-430F-B1D4-66DAAF0A2B0A}.Debug|Any CPU.Build.0 = Debug|Any CPU
		{DAA724BB-F937-430F-B1D4-66DAAF0A2B0A}.Release|Any CPU.ActiveCfg = Release|Any CPU
		{DAA724BB-F937-430F-B1D4-66DAAF0A2B0A}.Release|Any CPU.Build.0 = Release|Any CPU
		{EF5C213C-4CA9-48E8-B2DA-029927970115}.Debug|Any CPU.ActiveCfg = Debug|Any CPU
		{EF5C213C-4CA9-48E8-B2DA-029927970115}.Debug|Any CPU.Build.0 = Debug|Any CPU
		{EF5C213C-4CA9-48E8-B2DA-029927970115}.Release|Any CPU.ActiveCfg = Release|Any CPU
		{EF5C213C-4CA9-48E8-B2DA-029927970115}.Release|Any CPU.Build.0 = Release|Any CPU
		{9570746C-36A2-4534-AFF5-1911D738C09F}.Debug|Any CPU.ActiveCfg = Debug|Any CPU
		{9570746C-36A2-4534-AFF5-1911D738C09F}.Debug|Any CPU.Build.0 = Debug|Any CPU
		{9570746C-36A2-4534-AFF5-1911D738C09F}.Release|Any CPU.ActiveCfg = Release|Any CPU
		{9570746C-36A2-4534-AFF5-1911D738C09F}.Release|Any CPU.Build.0 = Release|Any CPU
		{7C71C780-5BA1-431A-B23D-4148C7A7BE16}.Debug|Any CPU.ActiveCfg = Debug|Any CPU
		{7C71C780-5BA1-431A-B23D-4148C7A7BE16}.Debug|Any CPU.Build.0 = Debug|Any CPU
		{7C71C780-5BA1-431A-B23D-4148C7A7BE16}.Release|Any CPU.ActiveCfg = Release|Any CPU
		{7C71C780-5BA1-431A-B23D-4148C7A7BE16}.Release|Any CPU.Build.0 = Release|Any CPU
		{6F9C2621-695C-4BDE-881B-157DCAA75C07}.Debug|Any CPU.ActiveCfg = Debug|Any CPU
		{6F9C2621-695C-4BDE-881B-157DCAA75C07}.Debug|Any CPU.Build.0 = Debug|Any CPU
		{6F9C2621-695C-4BDE-881B-157DCAA75C07}.Release|Any CPU.ActiveCfg = Release|Any CPU
		{6F9C2621-695C-4BDE-881B-157DCAA75C07}.Release|Any CPU.Build.0 = Release|Any CPU
		{D4E82B2A-2060-4A61-8EAF-805E9E6D79CF}.Debug|Any CPU.ActiveCfg = Debug|Any CPU
		{D4E82B2A-2060-4A61-8EAF-805E9E6D79CF}.Debug|Any CPU.Build.0 = Debug|Any CPU
		{D4E82B2A-2060-4A61-8EAF-805E9E6D79CF}.Release|Any CPU.ActiveCfg = Release|Any CPU
		{D4E82B2A-2060-4A61-8EAF-805E9E6D79CF}.Release|Any CPU.Build.0 = Release|Any CPU
	EndGlobalSection
	GlobalSection(SolutionProperties) = preSolution
		HideSolutionNode = FALSE
	EndGlobalSection
	GlobalSection(NestedProjects) = preSolution
		{7C71C780-5BA1-431A-B23D-4148C7A7BE16} = {E4E034EA-12FB-4099-9704-44EC27F9CCBD}
	EndGlobalSection
EndGlobal
